
Microsoft Visual Studio Solution File, Format Version 12.00
# Visual Studio Version 17
VisualStudioVersion = 17.10.35013.160
MinimumVisualStudioVersion = 10.0.40219.1
Project("{2150E333-8FDC-42A3-9474-1A3956D46DE8}") = "src", "src", "{CE78920B-576A-4E97-8106-D7DFCDF0D56D}"
EndProject
Project("{2150E333-8FDC-42A3-9474-1A3956D46DE8}") = "Building Blocks", "Building Blocks", "{6C3389A2-D80D-49A1-80D6-12BFF46B0602}"
EndProject
Project("{2150E333-8FDC-42A3-9474-1A3956D46DE8}") = "API Gateway", "API Gateway", "{96B1D822-51BA-46EA-BB9A-C588E32F27AE}"
EndProject
Project("{2150E333-8FDC-42A3-9474-1A3956D46DE8}") = "Services", "Services", "{CDB3A3DC-F5DB-4F4C-8B87-7AA1B4716D0A}"
EndProject
Project("{2150E333-8FDC-42A3-9474-1A3956D46DE8}") = "Core", "Core", "{BD9D2BC7-CABD-45F7-A9A3-2C6E6E03B1FA}"
EndProject
Project("{9A19103F-16F7-4668-BE54-9A1E7A4F7556}") = "Projetct.WMS.Core", "src\building blocks\Projetct.WMS.Core\Projetct.WMS.Core.csproj", "{0EEFF4F7-E9E5-48E7-9326-1F6547DDE325}"
EndProject
Project("{9A19103F-16F7-4668-BE54-9A1E7A4F7556}") = "Project.WMS.Stock", "src\api gateway\Project.WMS.Stock\Project.WMS.Stock.csproj", "{E0AE5B26-CF39-4724-8F2F-F16B32467C9E}"
EndProject
Project("{9A19103F-16F7-4668-BE54-9A1E7A4F7556}") = "Project.WMS.AuthenticationProvider.WebAPI", "src\services\Project.WMS.AuthenticationProvider.WebAPI\Project.WMS.AuthenticationProvider.WebAPI.csproj", "{43D39F22-41FD-47FE-A471-DB9CD76C8E27}"
EndProject
Project("{2150E333-8FDC-42A3-9474-1A3956D46DE8}") = "Services", "Services", "{9BD7F6B1-B051-4A93-81E7-3C4257741CAC}"
EndProject
Project("{9A19103F-16F7-4668-BE54-9A1E7A4F7556}") = "Project.WMS.WebAPI.Core", "src\building blocks\Project.WMS.WebAPI.Core\Project.WMS.WebAPI.Core.csproj", "{21C9D16E-BF91-4A90-B87C-EAB9EA2953AA}"
EndProject
Project("{FAE04EC0-301F-11D3-BF4B-00C04F79EFBC}") = "Project.WMS.Order.WebAPI", "src\services\Project.WMS.Order.WebAPI\Project.WMS.Order.WebAPI.csproj", "{D4510293-536E-4DD8-A81C-1409F7808368}"
EndProject
Project("{FAE04EC0-301F-11D3-BF4B-00C04F79EFBC}") = "Project.WMS.Product.WebAPI", "src\services\Project.WMS.Product.WebAPI\Project.WMS.Product.WebAPI.csproj", "{12091C0D-6C20-4556-B6F3-A3F9ADFE7797}"
EndProject
Global
	GlobalSection(SolutionConfigurationPlatforms) = preSolution
		Debug|Any CPU = Debug|Any CPU
		Release|Any CPU = Release|Any CPU
	EndGlobalSection
	GlobalSection(ProjectConfigurationPlatforms) = postSolution
		{0EEFF4F7-E9E5-48E7-9326-1F6547DDE325}.Debug|Any CPU.ActiveCfg = Debug|Any CPU
		{0EEFF4F7-E9E5-48E7-9326-1F6547DDE325}.Debug|Any CPU.Build.0 = Debug|Any CPU
		{0EEFF4F7-E9E5-48E7-9326-1F6547DDE325}.Release|Any CPU.ActiveCfg = Release|Any CPU
		{0EEFF4F7-E9E5-48E7-9326-1F6547DDE325}.Release|Any CPU.Build.0 = Release|Any CPU
		{E0AE5B26-CF39-4724-8F2F-F16B32467C9E}.Debug|Any CPU.ActiveCfg = Debug|Any CPU
		{E0AE5B26-CF39-4724-8F2F-F16B32467C9E}.Debug|Any CPU.Build.0 = Debug|Any CPU
		{E0AE5B26-CF39-4724-8F2F-F16B32467C9E}.Release|Any CPU.ActiveCfg = Release|Any CPU
		{E0AE5B26-CF39-4724-8F2F-F16B32467C9E}.Release|Any CPU.Build.0 = Release|Any CPU
		{43D39F22-41FD-47FE-A471-DB9CD76C8E27}.Debug|Any CPU.ActiveCfg = Debug|Any CPU
		{43D39F22-41FD-47FE-A471-DB9CD76C8E27}.Debug|Any CPU.Build.0 = Debug|Any CPU
		{43D39F22-41FD-47FE-A471-DB9CD76C8E27}.Release|Any CPU.ActiveCfg = Release|Any CPU
		{43D39F22-41FD-47FE-A471-DB9CD76C8E27}.Release|Any CPU.Build.0 = Release|Any CPU
		{21C9D16E-BF91-4A90-B87C-EAB9EA2953AA}.Debug|Any CPU.ActiveCfg = Debug|Any CPU
		{21C9D16E-BF91-4A90-B87C-EAB9EA2953AA}.Debug|Any CPU.Build.0 = Debug|Any CPU
		{21C9D16E-BF91-4A90-B87C-EAB9EA2953AA}.Release|Any CPU.ActiveCfg = Release|Any CPU
		{21C9D16E-BF91-4A90-B87C-EAB9EA2953AA}.Release|Any CPU.Build.0 = Release|Any CPU
		{D4510293-536E-4DD8-A81C-1409F7808368}.Debug|Any CPU.ActiveCfg = Debug|Any CPU
		{D4510293-536E-4DD8-A81C-1409F7808368}.Debug|Any CPU.Build.0 = Debug|Any CPU
		{D4510293-536E-4DD8-A81C-1409F7808368}.Release|Any CPU.ActiveCfg = Release|Any CPU
		{D4510293-536E-4DD8-A81C-1409F7808368}.Release|Any CPU.Build.0 = Release|Any CPU
		{12091C0D-6C20-4556-B6F3-A3F9ADFE7797}.Debug|Any CPU.ActiveCfg = Debug|Any CPU
		{12091C0D-6C20-4556-B6F3-A3F9ADFE7797}.Debug|Any CPU.Build.0 = Debug|Any CPU
		{12091C0D-6C20-4556-B6F3-A3F9ADFE7797}.Release|Any CPU.ActiveCfg = Release|Any CPU
		{12091C0D-6C20-4556-B6F3-A3F9ADFE7797}.Release|Any CPU.Build.0 = Release|Any CPU
	EndGlobalSection
	GlobalSection(SolutionProperties) = preSolution
		HideSolutionNode = FALSE
	EndGlobalSection
	GlobalSection(NestedProjects) = preSolution
		{6C3389A2-D80D-49A1-80D6-12BFF46B0602} = {CE78920B-576A-4E97-8106-D7DFCDF0D56D}
		{96B1D822-51BA-46EA-BB9A-C588E32F27AE} = {CE78920B-576A-4E97-8106-D7DFCDF0D56D}
		{CDB3A3DC-F5DB-4F4C-8B87-7AA1B4716D0A} = {CE78920B-576A-4E97-8106-D7DFCDF0D56D}
		{BD9D2BC7-CABD-45F7-A9A3-2C6E6E03B1FA} = {6C3389A2-D80D-49A1-80D6-12BFF46B0602}
		{0EEFF4F7-E9E5-48E7-9326-1F6547DDE325} = {BD9D2BC7-CABD-45F7-A9A3-2C6E6E03B1FA}
		{E0AE5B26-CF39-4724-8F2F-F16B32467C9E} = {96B1D822-51BA-46EA-BB9A-C588E32F27AE}
		{43D39F22-41FD-47FE-A471-DB9CD76C8E27} = {CDB3A3DC-F5DB-4F4C-8B87-7AA1B4716D0A}
		{9BD7F6B1-B051-4A93-81E7-3C4257741CAC} = {6C3389A2-D80D-49A1-80D6-12BFF46B0602}
		{21C9D16E-BF91-4A90-B87C-EAB9EA2953AA} = {9BD7F6B1-B051-4A93-81E7-3C4257741CAC}
		{D4510293-536E-4DD8-A81C-1409F7808368} = {CDB3A3DC-F5DB-4F4C-8B87-7AA1B4716D0A}
		{12091C0D-6C20-4556-B6F3-A3F9ADFE7797} = {CDB3A3DC-F5DB-4F4C-8B87-7AA1B4716D0A}
	EndGlobalSection
	GlobalSection(ExtensibilityGlobals) = postSolution
		SolutionGuid = {9B766B79-89A0-41C9-9451-54FE5D5C6459}
	EndGlobalSection
EndGlobal
